
Microsoft Visual Studio Solution File, Format Version 12.00
# Visual Studio Version 17
VisualStudioVersion = 17.5.002.0
MinimumVisualStudioVersion = 10.0.40219.1
Project("{9A19103F-16F7-4668-BE54-9A1E7A4F7556}") = "crudUsingADO", "crudUsingADO.csproj", "{D57223EA-8965-46EF-A02D-722661E2AF11}"
EndProject
Global
	GlobalSection(SolutionConfigurationPlatforms) = preSolution
		Debug|Any CPU = Debug|Any CPU
		Release|Any CPU = Release|Any CPU
	EndGlobalSection
	GlobalSection(ProjectConfigurationPlatforms) = postSolution
		{D57223EA-8965-46EF-A02D-722661E2AF11}.Debug|Any CPU.ActiveCfg = Debug|Any CPU
		{D57223EA-8965-46EF-A02D-722661E2AF11}.Debug|Any CPU.Build.0 = Debug|Any CPU
		{D57223EA-8965-46EF-A02D-722661E2AF11}.Release|Any CPU.ActiveCfg = Release|Any CPU
		{D57223EA-8965-46EF-A02D-722661E2AF11}.Release|Any CPU.Build.0 = Release|Any CPU
	EndGlobalSection
	GlobalSection(SolutionProperties) = preSolution
		HideSolutionNode = FALSE
	EndGlobalSection
	GlobalSection(ExtensibilityGlobals) = postSolution
		SolutionGuid = {1FF5FB15-C5E3-4048-9AE4-84DE91D7C10F}
	EndGlobalSection
EndGlobal
